// !$*UTF8*$!
{
	archiveVersion = 1;
	classes = {
	};
	objectVersion = 46;
	objects = {

/* Begin PBXBuildFile section */
		AB0A5956A623631CA8C1E083 /* libPods-PPJQR.a in Frameworks */ = {isa = PBXBuildFile; fileRef = 8D66D02F8966943CA8ADA271 /* libPods-PPJQR.a */; };
		DE2238291E9131F8004194F8 /* HomeViewController.m in Sources */ = {isa = PBXBuildFile; fileRef = DE2238281E9131F8004194F8 /* HomeViewController.m */; };
		DE22382D1E913397004194F8 /* HomeLeftView.m in Sources */ = {isa = PBXBuildFile; fileRef = DE22382C1E913397004194F8 /* HomeLeftView.m */; };
		DE22382F1E9133AB004194F8 /* HomeLeftView.xib in Resources */ = {isa = PBXBuildFile; fileRef = DE22382E1E9133AB004194F8 /* HomeLeftView.xib */; };
		DEA1D6A31E953248008F36D5 /* libz.tbd in Frameworks */ = {isa = PBXBuildFile; fileRef = DEA1D6A21E953248008F36D5 /* libz.tbd */; };
		DEA1D6A71E953273008F36D5 /* CoreLocation.framework in Frameworks */ = {isa = PBXBuildFile; fileRef = DEA1D6A61E953273008F36D5 /* CoreLocation.framework */; };
		DEA1D6A91E95327F008F36D5 /* CoreTelephony.framework in Frameworks */ = {isa = PBXBuildFile; fileRef = DEA1D6A81E95327F008F36D5 /* CoreTelephony.framework */; };
		DEA1D6AB1E9532BF008F36D5 /* AVFoundation.framework in Frameworks */ = {isa = PBXBuildFile; fileRef = DEA1D6AA1E9532BF008F36D5 /* AVFoundation.framework */; };
		DEA1D6AD1E9532CA008F36D5 /* AddressBook.framework in Frameworks */ = {isa = PBXBuildFile; fileRef = DEA1D6AC1E9532CA008F36D5 /* AddressBook.framework */; };
		DEA1D6AF1E9532E3008F36D5 /* AudioToolbox.framework in Frameworks */ = {isa = PBXBuildFile; fileRef = DEA1D6AE1E9532E3008F36D5 /* AudioToolbox.framework */; };
		DEA1D6B11E9532EC008F36D5 /* SystemConfiguration.framework in Frameworks */ = {isa = PBXBuildFile; fileRef = DEA1D6B01E9532EC008F36D5 /* SystemConfiguration.framework */; };
		DEA1D6B31E9532F4008F36D5 /* QuartzCore.framework in Frameworks */ = {isa = PBXBuildFile; fileRef = DEA1D6B21E9532F4008F36D5 /* QuartzCore.framework */; };
		DEA1D6B51E9532FB008F36D5 /* UIKit.framework in Frameworks */ = {isa = PBXBuildFile; fileRef = DEA1D6B41E9532FB008F36D5 /* UIKit.framework */; };
		DEA1D6B71E953353008F36D5 /* Foundation.framework in Frameworks */ = {isa = PBXBuildFile; fileRef = DEA1D6B61E953353008F36D5 /* Foundation.framework */; };
		DEA1D6B91E953362008F36D5 /* CoreGraphics.framework in Frameworks */ = {isa = PBXBuildFile; fileRef = DEA1D6B81E953362008F36D5 /* CoreGraphics.framework */; };
		DEA1D6BD1E95350A008F36D5 /* Contacts.framework in Frameworks */ = {isa = PBXBuildFile; fileRef = DEA1D6BC1E95350A008F36D5 /* Contacts.framework */; };
		DEA35B931EA82DE0002C0F9E /* ForgetPasswordViewController.m in Sources */ = {isa = PBXBuildFile; fileRef = DEA35B921EA82DE0002C0F9E /* ForgetPasswordViewController.m */; };
		DEA3AC411EA8DE4D008A1A06 /* MenuTVViewCell.m in Sources */ = {isa = PBXBuildFile; fileRef = DEA3AC3F1EA8DE4D008A1A06 /* MenuTVViewCell.m */; };
		DEA3AC421EA8DE4D008A1A06 /* MenuTVViewCell.xib in Resources */ = {isa = PBXBuildFile; fileRef = DEA3AC401EA8DE4D008A1A06 /* MenuTVViewCell.xib */; };
		DEA3AC4A1EA8E997008A1A06 /* HeatView.m in Sources */ = {isa = PBXBuildFile; fileRef = DEA3AC491EA8E997008A1A06 /* HeatView.m */; };
		DEA3AC4C1EA8E9AE008A1A06 /* HeatView.xib in Resources */ = {isa = PBXBuildFile; fileRef = DEA3AC4B1EA8E9AE008A1A06 /* HeatView.xib */; };
		DEA3AC4F1EA8EB4A008A1A06 /* FootView.m in Sources */ = {isa = PBXBuildFile; fileRef = DEA3AC4E1EA8EB4A008A1A06 /* FootView.m */; };
		DEA3AC511EA8EB59008A1A06 /* FootView.xib in Resources */ = {isa = PBXBuildFile; fileRef = DEA3AC501EA8EB59008A1A06 /* FootView.xib */; };
		DEA3AC551EA8F77B008A1A06 /* ExplainViewController.m in Sources */ = {isa = PBXBuildFile; fileRef = DEA3AC541EA8F77B008A1A06 /* ExplainViewController.m */; };
		DEA3AC581EA8F8A0008A1A06 /* FeedbackViewController.m in Sources */ = {isa = PBXBuildFile; fileRef = DEA3AC571EA8F8A0008A1A06 /* FeedbackViewController.m */; };
		DEC7338B1EA78B0600F24795 /* CALayer+XibConfiguration.m in Sources */ = {isa = PBXBuildFile; fileRef = DEC7338A1EA78B0600F24795 /* CALayer+XibConfiguration.m */; };
		DEC7338E1EA78FC900F24795 /* RegisterViewController.m in Sources */ = {isa = PBXBuildFile; fileRef = DEC7338D1EA78FC900F24795 /* RegisterViewController.m */; };
		DECBF4E31E9E5ADD002A229B /* BaseView.m in Sources */ = {isa = PBXBuildFile; fileRef = DECBF4E01E9E5ADD002A229B /* BaseView.m */; };
		DECBF4E41E9E5ADD002A229B /* Toast+UIView.m in Sources */ = {isa = PBXBuildFile; fileRef = DECBF4E21E9E5ADD002A229B /* Toast+UIView.m */; settings = {COMPILER_FLAGS = "-fno-objc-arc"; }; };
		DECBF4E71E9E6191002A229B /* MoreResultsModel.m in Sources */ = {isa = PBXBuildFile; fileRef = DECBF4E61E9E6191002A229B /* MoreResultsModel.m */; };
		DECBF4EA1E9E6470002A229B /* Tools.m in Sources */ = {isa = PBXBuildFile; fileRef = DECBF4E91E9E6470002A229B /* Tools.m */; };
		DECBF4ED1E9E6ABC002A229B /* PlayModel.m in Sources */ = {isa = PBXBuildFile; fileRef = DECBF4EC1E9E6ABC002A229B /* PlayModel.m */; };
		DECBF4F01E9E6BB1002A229B /* WeatherModel.m in Sources */ = {isa = PBXBuildFile; fileRef = DECBF4EF1E9E6BB1002A229B /* WeatherModel.m */; };
		DED145BB1EAA3BF800887571 /* CoreBluetooth.framework in Frameworks */ = {isa = PBXBuildFile; fileRef = DED145BA1EAA3BF800887571 /* CoreBluetooth.framework */; };
		DED83EA11EAC98C500E3468D /* PlaceholderTextView.m in Sources */ = {isa = PBXBuildFile; fileRef = DED83EA01EAC98C500E3468D /* PlaceholderTextView.m */; };
		DED83EA41EAC9C0A00E3468D /* KLCPopup.m in Sources */ = {isa = PBXBuildFile; fileRef = DED83EA31EAC9C0A00E3468D /* KLCPopup.m */; };
		DED83EA71EACA03400E3468D /* FeedBackView.m in Sources */ = {isa = PBXBuildFile; fileRef = DED83EA61EACA03400E3468D /* FeedBackView.m */; };
		DED83EA91EACA03E00E3468D /* FeedBackView.xib in Resources */ = {isa = PBXBuildFile; fileRef = DED83EA81EACA03E00E3468D /* FeedBackView.xib */; };
		DEDC7F851E99F59400DD2FC4 /* PcmPlayer.m in Sources */ = {isa = PBXBuildFile; fileRef = DEDC7F841E99F59400DD2FC4 /* PcmPlayer.m */; };
		DEDC7F881E99F71B00DD2FC4 /* TTSConfig.m in Sources */ = {isa = PBXBuildFile; fileRef = DEDC7F871E99F71A00DD2FC4 /* TTSConfig.m */; };
		DEEFFA691E8D55F8001F5D3D /* main.m in Sources */ = {isa = PBXBuildFile; fileRef = DEEFFA681E8D55F8001F5D3D /* main.m */; };
		DEEFFA6C1E8D55F8001F5D3D /* AppDelegate.m in Sources */ = {isa = PBXBuildFile; fileRef = DEEFFA6B1E8D55F8001F5D3D /* AppDelegate.m */; };
		DEEFFA6F1E8D55F8001F5D3D /* LoginViewController.m in Sources */ = {isa = PBXBuildFile; fileRef = DEEFFA6E1E8D55F8001F5D3D /* LoginViewController.m */; };
		DEEFFA721E8D55F8001F5D3D /* Main.storyboard in Resources */ = {isa = PBXBuildFile; fileRef = DEEFFA701E8D55F8001F5D3D /* Main.storyboard */; };
		DEEFFA741E8D55F8001F5D3D /* Assets.xcassets in Resources */ = {isa = PBXBuildFile; fileRef = DEEFFA731E8D55F8001F5D3D /* Assets.xcassets */; };
		DEEFFA771E8D55F8001F5D3D /* LaunchScreen.storyboard in Resources */ = {isa = PBXBuildFile; fileRef = DEEFFA751E8D55F8001F5D3D /* LaunchScreen.storyboard */; };
		DEEFFA821E8D57EB001F5D3D /* BaseViewController.m in Sources */ = {isa = PBXBuildFile; fileRef = DEEFFA811E8D57EB001F5D3D /* BaseViewController.m */; };
		DEEFFA851E8D5805001F5D3D /* BaseNaviViewController.m in Sources */ = {isa = PBXBuildFile; fileRef = DEEFFA841E8D5805001F5D3D /* BaseNaviViewController.m */; };
		DEF6C20F1E97C3A90063D21B /* IATConfig.m in Sources */ = {isa = PBXBuildFile; fileRef = DEF6C20E1E97C3A90063D21B /* IATConfig.m */; };
		DEF6C2111E97C7B20063D21B /* iflyMSC.framework in Frameworks */ = {isa = PBXBuildFile; fileRef = DEF6C2101E97C7B20063D21B /* iflyMSC.framework */; };
/* End PBXBuildFile section */

/* Begin PBXFileReference section */
		4D2115B64C0613FDC4C1A439 /* Pods-PPJQR.release.xcconfig */ = {isa = PBXFileReference; includeInIndex = 1; lastKnownFileType = text.xcconfig; name = "Pods-PPJQR.release.xcconfig"; path = "Pods/Target Support Files/Pods-PPJQR/Pods-PPJQR.release.xcconfig"; sourceTree = "<group>"; };
		89837CB44028497EC395DC18 /* Pods-PPJQR.debug.xcconfig */ = {isa = PBXFileReference; includeInIndex = 1; lastKnownFileType = text.xcconfig; name = "Pods-PPJQR.debug.xcconfig"; path = "Pods/Target Support Files/Pods-PPJQR/Pods-PPJQR.debug.xcconfig"; sourceTree = "<group>"; };
		8D66D02F8966943CA8ADA271 /* libPods-PPJQR.a */ = {isa = PBXFileReference; explicitFileType = archive.ar; includeInIndex = 0; path = "libPods-PPJQR.a"; sourceTree = BUILT_PRODUCTS_DIR; };
		DE2238271E9131F8004194F8 /* HomeViewController.h */ = {isa = PBXFileReference; fileEncoding = 4; lastKnownFileType = sourcecode.c.h; path = HomeViewController.h; sourceTree = "<group>"; };
		DE2238281E9131F8004194F8 /* HomeViewController.m */ = {isa = PBXFileReference; fileEncoding = 4; lastKnownFileType = sourcecode.c.objc; path = HomeViewController.m; sourceTree = "<group>"; };
		DE22382B1E913397004194F8 /* HomeLeftView.h */ = {isa = PBXFileReference; fileEncoding = 4; lastKnownFileType = sourcecode.c.h; path = HomeLeftView.h; sourceTree = "<group>"; };
		DE22382C1E913397004194F8 /* HomeLeftView.m */ = {isa = PBXFileReference; fileEncoding = 4; lastKnownFileType = sourcecode.c.objc; path = HomeLeftView.m; sourceTree = "<group>"; };
		DE22382E1E9133AB004194F8 /* HomeLeftView.xib */ = {isa = PBXFileReference; fileEncoding = 4; lastKnownFileType = file.xib; path = HomeLeftView.xib; sourceTree = "<group>"; };
		DE22383C1E913874004194F8 /* PPJQR.h */ = {isa = PBXFileReference; fileEncoding = 4; lastKnownFileType = sourcecode.c.h; path = PPJQR.h; sourceTree = "<group>"; };
		DEA1D6A21E953248008F36D5 /* libz.tbd */ = {isa = PBXFileReference; lastKnownFileType = "sourcecode.text-based-dylib-definition"; name = libz.tbd; path = usr/lib/libz.tbd; sourceTree = SDKROOT; };
		DEA1D6A61E953273008F36D5 /* CoreLocation.framework */ = {isa = PBXFileReference; lastKnownFileType = wrapper.framework; name = CoreLocation.framework; path = System/Library/Frameworks/CoreLocation.framework; sourceTree = SDKROOT; };
		DEA1D6A81E95327F008F36D5 /* CoreTelephony.framework */ = {isa = PBXFileReference; lastKnownFileType = wrapper.framework; name = CoreTelephony.framework; path = System/Library/Frameworks/CoreTelephony.framework; sourceTree = SDKROOT; };
		DEA1D6AA1E9532BF008F36D5 /* AVFoundation.framework */ = {isa = PBXFileReference; lastKnownFileType = wrapper.framework; name = AVFoundation.framework; path = System/Library/Frameworks/AVFoundation.framework; sourceTree = SDKROOT; };
		DEA1D6AC1E9532CA008F36D5 /* AddressBook.framework */ = {isa = PBXFileReference; lastKnownFileType = wrapper.framework; name = AddressBook.framework; path = System/Library/Frameworks/AddressBook.framework; sourceTree = SDKROOT; };
		DEA1D6AE1E9532E3008F36D5 /* AudioToolbox.framework */ = {isa = PBXFileReference; lastKnownFileType = wrapper.framework; name = AudioToolbox.framework; path = System/Library/Frameworks/AudioToolbox.framework; sourceTree = SDKROOT; };
		DEA1D6B01E9532EC008F36D5 /* SystemConfiguration.framework */ = {isa = PBXFileReference; lastKnownFileType = wrapper.framework; name = SystemConfiguration.framework; path = System/Library/Frameworks/SystemConfiguration.framework; sourceTree = SDKROOT; };
		DEA1D6B21E9532F4008F36D5 /* QuartzCore.framework */ = {isa = PBXFileReference; lastKnownFileType = wrapper.framework; name = QuartzCore.framework; path = System/Library/Frameworks/QuartzCore.framework; sourceTree = SDKROOT; };
		DEA1D6B41E9532FB008F36D5 /* UIKit.framework */ = {isa = PBXFileReference; lastKnownFileType = wrapper.framework; name = UIKit.framework; path = System/Library/Frameworks/UIKit.framework; sourceTree = SDKROOT; };
		DEA1D6B61E953353008F36D5 /* Foundation.framework */ = {isa = PBXFileReference; lastKnownFileType = wrapper.framework; name = Foundation.framework; path = System/Library/Frameworks/Foundation.framework; sourceTree = SDKROOT; };
		DEA1D6B81E953362008F36D5 /* CoreGraphics.framework */ = {isa = PBXFileReference; lastKnownFileType = wrapper.framework; name = CoreGraphics.framework; path = System/Library/Frameworks/CoreGraphics.framework; sourceTree = SDKROOT; };
		DEA1D6BC1E95350A008F36D5 /* Contacts.framework */ = {isa = PBXFileReference; lastKnownFileType = wrapper.framework; name = Contacts.framework; path = System/Library/Frameworks/Contacts.framework; sourceTree = SDKROOT; };
		DEA35B911EA82DE0002C0F9E /* ForgetPasswordViewController.h */ = {isa = PBXFileReference; fileEncoding = 4; lastKnownFileType = sourcecode.c.h; path = ForgetPasswordViewController.h; sourceTree = "<group>"; };
		DEA35B921EA82DE0002C0F9E /* ForgetPasswordViewController.m */ = {isa = PBXFileReference; fileEncoding = 4; lastKnownFileType = sourcecode.c.objc; path = ForgetPasswordViewController.m; sourceTree = "<group>"; };
		DEA3AC3E1EA8DE4D008A1A06 /* MenuTVViewCell.h */ = {isa = PBXFileReference; fileEncoding = 4; lastKnownFileType = sourcecode.c.h; path = MenuTVViewCell.h; sourceTree = "<group>"; };
		DEA3AC3F1EA8DE4D008A1A06 /* MenuTVViewCell.m */ = {isa = PBXFileReference; fileEncoding = 4; lastKnownFileType = sourcecode.c.objc; path = MenuTVViewCell.m; sourceTree = "<group>"; };
		DEA3AC401EA8DE4D008A1A06 /* MenuTVViewCell.xib */ = {isa = PBXFileReference; fileEncoding = 4; lastKnownFileType = file.xib; path = MenuTVViewCell.xib; sourceTree = "<group>"; };
		DEA3AC481EA8E997008A1A06 /* HeatView.h */ = {isa = PBXFileReference; fileEncoding = 4; lastKnownFileType = sourcecode.c.h; path = HeatView.h; sourceTree = "<group>"; };
		DEA3AC491EA8E997008A1A06 /* HeatView.m */ = {isa = PBXFileReference; fileEncoding = 4; lastKnownFileType = sourcecode.c.objc; path = HeatView.m; sourceTree = "<group>"; };
		DEA3AC4B1EA8E9AE008A1A06 /* HeatView.xib */ = {isa = PBXFileReference; fileEncoding = 4; lastKnownFileType = file.xib; path = HeatView.xib; sourceTree = "<group>"; };
		DEA3AC4D1EA8EB4A008A1A06 /* FootView.h */ = {isa = PBXFileReference; fileEncoding = 4; lastKnownFileType = sourcecode.c.h; path = FootView.h; sourceTree = "<group>"; };
		DEA3AC4E1EA8EB4A008A1A06 /* FootView.m */ = {isa = PBXFileReference; fileEncoding = 4; lastKnownFileType = sourcecode.c.objc; path = FootView.m; sourceTree = "<group>"; };
		DEA3AC501EA8EB59008A1A06 /* FootView.xib */ = {isa = PBXFileReference; fileEncoding = 4; lastKnownFileType = file.xib; path = FootView.xib; sourceTree = "<group>"; };
		DEA3AC531EA8F77B008A1A06 /* ExplainViewController.h */ = {isa = PBXFileReference; fileEncoding = 4; lastKnownFileType = sourcecode.c.h; path = ExplainViewController.h; sourceTree = "<group>"; };
		DEA3AC541EA8F77B008A1A06 /* ExplainViewController.m */ = {isa = PBXFileReference; fileEncoding = 4; lastKnownFileType = sourcecode.c.objc; path = ExplainViewController.m; sourceTree = "<group>"; };
		DEA3AC561EA8F8A0008A1A06 /* FeedbackViewController.h */ = {isa = PBXFileReference; fileEncoding = 4; lastKnownFileType = sourcecode.c.h; path = FeedbackViewController.h; sourceTree = "<group>"; };
		DEA3AC571EA8F8A0008A1A06 /* FeedbackViewController.m */ = {isa = PBXFileReference; fileEncoding = 4; lastKnownFileType = sourcecode.c.objc; path = FeedbackViewController.m; sourceTree = "<group>"; };
		DEC733891EA78B0600F24795 /* CALayer+XibConfiguration.h */ = {isa = PBXFileReference; fileEncoding = 4; lastKnownFileType = sourcecode.c.h; path = "CALayer+XibConfiguration.h"; sourceTree = "<group>"; };
		DEC7338A1EA78B0600F24795 /* CALayer+XibConfiguration.m */ = {isa = PBXFileReference; fileEncoding = 4; lastKnownFileType = sourcecode.c.objc; path = "CALayer+XibConfiguration.m"; sourceTree = "<group>"; };
		DEC7338C1EA78FC900F24795 /* RegisterViewController.h */ = {isa = PBXFileReference; fileEncoding = 4; lastKnownFileType = sourcecode.c.h; path = RegisterViewController.h; sourceTree = "<group>"; };
		DEC7338D1EA78FC900F24795 /* RegisterViewController.m */ = {isa = PBXFileReference; fileEncoding = 4; lastKnownFileType = sourcecode.c.objc; path = RegisterViewController.m; sourceTree = "<group>"; };
		DECBF4DF1E9E5ADD002A229B /* BaseView.h */ = {isa = PBXFileReference; fileEncoding = 4; lastKnownFileType = sourcecode.c.h; path = BaseView.h; sourceTree = "<group>"; };
		DECBF4E01E9E5ADD002A229B /* BaseView.m */ = {isa = PBXFileReference; fileEncoding = 4; lastKnownFileType = sourcecode.c.objc; path = BaseView.m; sourceTree = "<group>"; };
		DECBF4E11E9E5ADD002A229B /* Toast+UIView.h */ = {isa = PBXFileReference; fileEncoding = 4; lastKnownFileType = sourcecode.c.h; path = "Toast+UIView.h"; sourceTree = "<group>"; };
		DECBF4E21E9E5ADD002A229B /* Toast+UIView.m */ = {isa = PBXFileReference; fileEncoding = 4; lastKnownFileType = sourcecode.c.objc; path = "Toast+UIView.m"; sourceTree = "<group>"; };
		DECBF4E51E9E6191002A229B /* MoreResultsModel.h */ = {isa = PBXFileReference; fileEncoding = 4; lastKnownFileType = sourcecode.c.h; path = MoreResultsModel.h; sourceTree = "<group>"; };
		DECBF4E61E9E6191002A229B /* MoreResultsModel.m */ = {isa = PBXFileReference; fileEncoding = 4; lastKnownFileType = sourcecode.c.objc; path = MoreResultsModel.m; sourceTree = "<group>"; };
		DECBF4E81E9E6470002A229B /* Tools.h */ = {isa = PBXFileReference; fileEncoding = 4; lastKnownFileType = sourcecode.c.h; path = Tools.h; sourceTree = "<group>"; };
		DECBF4E91E9E6470002A229B /* Tools.m */ = {isa = PBXFileReference; fileEncoding = 4; lastKnownFileType = sourcecode.c.objc; path = Tools.m; sourceTree = "<group>"; };
		DECBF4EB1E9E6ABC002A229B /* PlayModel.h */ = {isa = PBXFileReference; fileEncoding = 4; lastKnownFileType = sourcecode.c.h; path = PlayModel.h; sourceTree = "<group>"; };
		DECBF4EC1E9E6ABC002A229B /* PlayModel.m */ = {isa = PBXFileReference; fileEncoding = 4; lastKnownFileType = sourcecode.c.objc; path = PlayModel.m; sourceTree = "<group>"; };
		DECBF4EE1E9E6BB1002A229B /* WeatherModel.h */ = {isa = PBXFileReference; fileEncoding = 4; lastKnownFileType = sourcecode.c.h; path = WeatherModel.h; sourceTree = "<group>"; };
		DECBF4EF1E9E6BB1002A229B /* WeatherModel.m */ = {isa = PBXFileReference; fileEncoding = 4; lastKnownFileType = sourcecode.c.objc; path = WeatherModel.m; sourceTree = "<group>"; };
		DED145BA1EAA3BF800887571 /* CoreBluetooth.framework */ = {isa = PBXFileReference; lastKnownFileType = wrapper.framework; name = CoreBluetooth.framework; path = System/Library/Frameworks/CoreBluetooth.framework; sourceTree = SDKROOT; };
		DED83E9F1EAC98C500E3468D /* PlaceholderTextView.h */ = {isa = PBXFileReference; fileEncoding = 4; lastKnownFileType = sourcecode.c.h; path = PlaceholderTextView.h; sourceTree = "<group>"; };
		DED83EA01EAC98C500E3468D /* PlaceholderTextView.m */ = {isa = PBXFileReference; fileEncoding = 4; lastKnownFileType = sourcecode.c.objc; path = PlaceholderTextView.m; sourceTree = "<group>"; };
		DED83EA21EAC9C0A00E3468D /* KLCPopup.h */ = {isa = PBXFileReference; fileEncoding = 4; lastKnownFileType = sourcecode.c.h; path = KLCPopup.h; sourceTree = "<group>"; };
		DED83EA31EAC9C0A00E3468D /* KLCPopup.m */ = {isa = PBXFileReference; fileEncoding = 4; lastKnownFileType = sourcecode.c.objc; path = KLCPopup.m; sourceTree = "<group>"; };
		DED83EA51EACA03400E3468D /* FeedBackView.h */ = {isa = PBXFileReference; fileEncoding = 4; lastKnownFileType = sourcecode.c.h; path = FeedBackView.h; sourceTree = "<group>"; };
		DED83EA61EACA03400E3468D /* FeedBackView.m */ = {isa = PBXFileReference; fileEncoding = 4; lastKnownFileType = sourcecode.c.objc; path = FeedBackView.m; sourceTree = "<group>"; };
		DED83EA81EACA03E00E3468D /* FeedBackView.xib */ = {isa = PBXFileReference; fileEncoding = 4; lastKnownFileType = file.xib; path = FeedBackView.xib; sourceTree = "<group>"; };
		DEDC7F831E99F59400DD2FC4 /* PcmPlayer.h */ = {isa = PBXFileReference; fileEncoding = 4; lastKnownFileType = sourcecode.c.h; path = PcmPlayer.h; sourceTree = "<group>"; };
		DEDC7F841E99F59400DD2FC4 /* PcmPlayer.m */ = {isa = PBXFileReference; fileEncoding = 4; lastKnownFileType = sourcecode.c.objc; path = PcmPlayer.m; sourceTree = "<group>"; };
		DEDC7F861E99F71A00DD2FC4 /* TTSConfig.h */ = {isa = PBXFileReference; fileEncoding = 4; lastKnownFileType = sourcecode.c.h; path = TTSConfig.h; sourceTree = "<group>"; };
		DEDC7F871E99F71A00DD2FC4 /* TTSConfig.m */ = {isa = PBXFileReference; fileEncoding = 4; lastKnownFileType = sourcecode.c.objc; path = TTSConfig.m; sourceTree = "<group>"; };
		DEEFFA641E8D55F8001F5D3D /* PPJQR.app */ = {isa = PBXFileReference; explicitFileType = wrapper.application; includeInIndex = 0; path = PPJQR.app; sourceTree = BUILT_PRODUCTS_DIR; };
		DEEFFA681E8D55F8001F5D3D /* main.m */ = {isa = PBXFileReference; lastKnownFileType = sourcecode.c.objc; path = main.m; sourceTree = "<group>"; };
		DEEFFA6A1E8D55F8001F5D3D /* AppDelegate.h */ = {isa = PBXFileReference; lastKnownFileType = sourcecode.c.h; path = AppDelegate.h; sourceTree = "<group>"; };
		DEEFFA6B1E8D55F8001F5D3D /* AppDelegate.m */ = {isa = PBXFileReference; lastKnownFileType = sourcecode.c.objc; path = AppDelegate.m; sourceTree = "<group>"; };
		DEEFFA6D1E8D55F8001F5D3D /* LoginViewController.h */ = {isa = PBXFileReference; lastKnownFileType = sourcecode.c.h; path = LoginViewController.h; sourceTree = "<group>"; };
		DEEFFA6E1E8D55F8001F5D3D /* LoginViewController.m */ = {isa = PBXFileReference; lastKnownFileType = sourcecode.c.objc; path = LoginViewController.m; sourceTree = "<group>"; };
		DEEFFA711E8D55F8001F5D3D /* Base */ = {isa = PBXFileReference; lastKnownFileType = file.storyboard; name = Base; path = Base.lproj/Main.storyboard; sourceTree = "<group>"; };
		DEEFFA731E8D55F8001F5D3D /* Assets.xcassets */ = {isa = PBXFileReference; lastKnownFileType = folder.assetcatalog; path = Assets.xcassets; sourceTree = "<group>"; };
		DEEFFA761E8D55F8001F5D3D /* Base */ = {isa = PBXFileReference; lastKnownFileType = file.storyboard; name = Base; path = Base.lproj/LaunchScreen.storyboard; sourceTree = "<group>"; };
		DEEFFA781E8D55F8001F5D3D /* Info.plist */ = {isa = PBXFileReference; lastKnownFileType = text.plist.xml; path = Info.plist; sourceTree = "<group>"; };
		DEEFFA801E8D57EB001F5D3D /* BaseViewController.h */ = {isa = PBXFileReference; fileEncoding = 4; lastKnownFileType = sourcecode.c.h; path = BaseViewController.h; sourceTree = "<group>"; };
		DEEFFA811E8D57EB001F5D3D /* BaseViewController.m */ = {isa = PBXFileReference; fileEncoding = 4; lastKnownFileType = sourcecode.c.objc; path = BaseViewController.m; sourceTree = "<group>"; };
		DEEFFA831E8D5805001F5D3D /* BaseNaviViewController.h */ = {isa = PBXFileReference; fileEncoding = 4; lastKnownFileType = sourcecode.c.h; path = BaseNaviViewController.h; sourceTree = "<group>"; };
		DEEFFA841E8D5805001F5D3D /* BaseNaviViewController.m */ = {isa = PBXFileReference; fileEncoding = 4; lastKnownFileType = sourcecode.c.objc; path = BaseNaviViewController.m; sourceTree = "<group>"; };
		DEF6C20D1E97C3A90063D21B /* IATConfig.h */ = {isa = PBXFileReference; fileEncoding = 4; lastKnownFileType = sourcecode.c.h; path = IATConfig.h; sourceTree = "<group>"; };
		DEF6C20E1E97C3A90063D21B /* IATConfig.m */ = {isa = PBXFileReference; fileEncoding = 4; lastKnownFileType = sourcecode.c.objc; path = IATConfig.m; sourceTree = "<group>"; };
		DEF6C2101E97C7B20063D21B /* iflyMSC.framework */ = {isa = PBXFileReference; lastKnownFileType = wrapper.framework; path = iflyMSC.framework; sourceTree = "<group>"; };
/* End PBXFileReference section */

/* Begin PBXFrameworksBuildPhase section */
		DEEFFA611E8D55F8001F5D3D /* Frameworks */ = {
			isa = PBXFrameworksBuildPhase;
			buildActionMask = 2147483647;
			files = (
				DED145BB1EAA3BF800887571 /* CoreBluetooth.framework in Frameworks */,
				DEA1D6BD1E95350A008F36D5 /* Contacts.framework in Frameworks */,
				DEA1D6B91E953362008F36D5 /* CoreGraphics.framework in Frameworks */,
				DEA1D6B71E953353008F36D5 /* Foundation.framework in Frameworks */,
				DEA1D6B51E9532FB008F36D5 /* UIKit.framework in Frameworks */,
				DEA1D6B31E9532F4008F36D5 /* QuartzCore.framework in Frameworks */,
				DEA1D6B11E9532EC008F36D5 /* SystemConfiguration.framework in Frameworks */,
				DEF6C2111E97C7B20063D21B /* iflyMSC.framework in Frameworks */,
				DEA1D6AF1E9532E3008F36D5 /* AudioToolbox.framework in Frameworks */,
				DEA1D6AD1E9532CA008F36D5 /* AddressBook.framework in Frameworks */,
				DEA1D6AB1E9532BF008F36D5 /* AVFoundation.framework in Frameworks */,
				DEA1D6A91E95327F008F36D5 /* CoreTelephony.framework in Frameworks */,
				DEA1D6A71E953273008F36D5 /* CoreLocation.framework in Frameworks */,
				DEA1D6A31E953248008F36D5 /* libz.tbd in Frameworks */,
				AB0A5956A623631CA8C1E083 /* libPods-PPJQR.a in Frameworks */,
			);
			runOnlyForDeploymentPostprocessing = 0;
		};
/* End PBXFrameworksBuildPhase section */

/* Begin PBXGroup section */
		208712934D5F8C1E5D685604 /* Pods */ = {
			isa = PBXGroup;
			children = (
				89837CB44028497EC395DC18 /* Pods-PPJQR.debug.xcconfig */,
				4D2115B64C0613FDC4C1A439 /* Pods-PPJQR.release.xcconfig */,
			);
			name = Pods;
			sourceTree = "<group>";
		};
		73A843E79E59A2720AD4B3AF /* Frameworks */ = {
			isa = PBXGroup;
			children = (
				DED145BA1EAA3BF800887571 /* CoreBluetooth.framework */,
				DEF6C2101E97C7B20063D21B /* iflyMSC.framework */,
				DEA1D6BC1E95350A008F36D5 /* Contacts.framework */,
				DEA1D6B81E953362008F36D5 /* CoreGraphics.framework */,
				DEA1D6B61E953353008F36D5 /* Foundation.framework */,
				DEA1D6B41E9532FB008F36D5 /* UIKit.framework */,
				DEA1D6B21E9532F4008F36D5 /* QuartzCore.framework */,
				DEA1D6B01E9532EC008F36D5 /* SystemConfiguration.framework */,
				DEA1D6AE1E9532E3008F36D5 /* AudioToolbox.framework */,
				DEA1D6AC1E9532CA008F36D5 /* AddressBook.framework */,
				DEA1D6AA1E9532BF008F36D5 /* AVFoundation.framework */,
				DEA1D6A81E95327F008F36D5 /* CoreTelephony.framework */,
				DEA1D6A61E953273008F36D5 /* CoreLocation.framework */,
				DEA1D6A21E953248008F36D5 /* libz.tbd */,
				8D66D02F8966943CA8ADA271 /* libPods-PPJQR.a */,
			);
			name = Frameworks;
			sourceTree = "<group>";
		};
		DE2238261E9131D9004194F8 /* 主界面 */ = {
			isa = PBXGroup;
			children = (
				DE714E131E9672A90002B07D /* Model */,
				DE22382A1E91337A004194F8 /* View */,
				DE2238271E9131F8004194F8 /* HomeViewController.h */,
				DE2238281E9131F8004194F8 /* HomeViewController.m */,
			);
			name = "主界面";
			sourceTree = "<group>";
		};
		DE22382A1E91337A004194F8 /* View */ = {
			isa = PBXGroup;
			children = (
				DE22382B1E913397004194F8 /* HomeLeftView.h */,
				DE22382C1E913397004194F8 /* HomeLeftView.m */,
				DE22382E1E9133AB004194F8 /* HomeLeftView.xib */,
				DEA3AC3E1EA8DE4D008A1A06 /* MenuTVViewCell.h */,
				DEA3AC3F1EA8DE4D008A1A06 /* MenuTVViewCell.m */,
				DEA3AC401EA8DE4D008A1A06 /* MenuTVViewCell.xib */,
				DEA3AC481EA8E997008A1A06 /* HeatView.h */,
				DEA3AC491EA8E997008A1A06 /* HeatView.m */,
				DEA3AC4B1EA8E9AE008A1A06 /* HeatView.xib */,
				DEA3AC4D1EA8EB4A008A1A06 /* FootView.h */,
				DEA3AC4E1EA8EB4A008A1A06 /* FootView.m */,
				DEA3AC501EA8EB59008A1A06 /* FootView.xib */,
			);
			name = View;
			sourceTree = "<group>";
		};
		DE714E131E9672A90002B07D /* Model */ = {
			isa = PBXGroup;
			children = (
				DECBF4E51E9E6191002A229B /* MoreResultsModel.h */,
				DECBF4E61E9E6191002A229B /* MoreResultsModel.m */,
				DECBF4EB1E9E6ABC002A229B /* PlayModel.h */,
				DECBF4EC1E9E6ABC002A229B /* PlayModel.m */,
				DECBF4EE1E9E6BB1002A229B /* WeatherModel.h */,
				DECBF4EF1E9E6BB1002A229B /* WeatherModel.m */,
			);
			name = Model;
			sourceTree = "<group>";
		};
		DEA3AC521EA8F73E008A1A06 /* 侧边栏 */ = {
			isa = PBXGroup;
			children = (
				DED83E9E1EAC98B800E3468D /* View */,
				DEA3AC531EA8F77B008A1A06 /* ExplainViewController.h */,
				DEA3AC541EA8F77B008A1A06 /* ExplainViewController.m */,
				DEA3AC561EA8F8A0008A1A06 /* FeedbackViewController.h */,
				DEA3AC571EA8F8A0008A1A06 /* FeedbackViewController.m */,
			);
			name = "侧边栏";
			sourceTree = "<group>";
		};
		DED83E9E1EAC98B800E3468D /* View */ = {
			isa = PBXGroup;
			children = (
				DED83E9F1EAC98C500E3468D /* PlaceholderTextView.h */,
				DED83EA01EAC98C500E3468D /* PlaceholderTextView.m */,
				DED83EA51EACA03400E3468D /* FeedBackView.h */,
				DED83EA61EACA03400E3468D /* FeedBackView.m */,
				DED83EA81EACA03E00E3468D /* FeedBackView.xib */,
			);
			name = View;
			sourceTree = "<group>";
		};
		DEDC7F821E99F57700DD2FC4 /* Tools */ = {
			isa = PBXGroup;
			children = (
				DED83EA21EAC9C0A00E3468D /* KLCPopup.h */,
				DED83EA31EAC9C0A00E3468D /* KLCPopup.m */,
				DEC733891EA78B0600F24795 /* CALayer+XibConfiguration.h */,
				DEC7338A1EA78B0600F24795 /* CALayer+XibConfiguration.m */,
				DECBF4DF1E9E5ADD002A229B /* BaseView.h */,
				DECBF4E01E9E5ADD002A229B /* BaseView.m */,
				DECBF4E11E9E5ADD002A229B /* Toast+UIView.h */,
				DECBF4E21E9E5ADD002A229B /* Toast+UIView.m */,
				DEDC7F861E99F71A00DD2FC4 /* TTSConfig.h */,
				DEDC7F871E99F71A00DD2FC4 /* TTSConfig.m */,
				DEF6C20D1E97C3A90063D21B /* IATConfig.h */,
				DEF6C20E1E97C3A90063D21B /* IATConfig.m */,
				DEDC7F831E99F59400DD2FC4 /* PcmPlayer.h */,
				DEDC7F841E99F59400DD2FC4 /* PcmPlayer.m */,
				DECBF4E81E9E6470002A229B /* Tools.h */,
				DECBF4E91E9E6470002A229B /* Tools.m */,
			);
			name = Tools;
			sourceTree = "<group>";
		};
		DEEFFA5B1E8D55F8001F5D3D = {
			isa = PBXGroup;
			children = (
				DEEFFA661E8D55F8001F5D3D /* PPJQR */,
				DEEFFA651E8D55F8001F5D3D /* Products */,
				208712934D5F8C1E5D685604 /* Pods */,
				73A843E79E59A2720AD4B3AF /* Frameworks */,
			);
			sourceTree = "<group>";
		};
		DEEFFA651E8D55F8001F5D3D /* Products */ = {
			isa = PBXGroup;
			children = (
				DEEFFA641E8D55F8001F5D3D /* PPJQR.app */,
			);
			name = Products;
			sourceTree = "<group>";
		};
		DEEFFA661E8D55F8001F5D3D /* PPJQR */ = {
			isa = PBXGroup;
			children = (
				DEA3AC521EA8F73E008A1A06 /* 侧边栏 */,
				DEDC7F821E99F57700DD2FC4 /* Tools */,
				DE2238261E9131D9004194F8 /* 主界面 */,
				DEEFFA7F1E8D57C6001F5D3D /* BaseViewController */,
				DEEFFA7E1E8D5798001F5D3D /* 登录 */,
				DEEFFA6A1E8D55F8001F5D3D /* AppDelegate.h */,
				DEEFFA6B1E8D55F8001F5D3D /* AppDelegate.m */,
				DEEFFA701E8D55F8001F5D3D /* Main.storyboard */,
				DEEFFA731E8D55F8001F5D3D /* Assets.xcassets */,
				DEEFFA751E8D55F8001F5D3D /* LaunchScreen.storyboard */,
				DEEFFA781E8D55F8001F5D3D /* Info.plist */,
				DEEFFA671E8D55F8001F5D3D /* Supporting Files */,
			);
			path = PPJQR;
			sourceTree = "<group>";
		};
		DEEFFA671E8D55F8001F5D3D /* Supporting Files */ = {
			isa = PBXGroup;
			children = (
				DEEFFA681E8D55F8001F5D3D /* main.m */,
				DE22383C1E913874004194F8 /* PPJQR.h */,
			);
			name = "Supporting Files";
			sourceTree = "<group>";
		};
		DEEFFA7E1E8D5798001F5D3D /* 登录 */ = {
			isa = PBXGroup;
			children = (
				DEEFFA6D1E8D55F8001F5D3D /* LoginViewController.h */,
				DEEFFA6E1E8D55F8001F5D3D /* LoginViewController.m */,
				DEC7338C1EA78FC900F24795 /* RegisterViewController.h */,
				DEC7338D1EA78FC900F24795 /* RegisterViewController.m */,
				DEA35B911EA82DE0002C0F9E /* ForgetPasswordViewController.h */,
				DEA35B921EA82DE0002C0F9E /* ForgetPasswordViewController.m */,
			);
			name = "登录";
			sourceTree = "<group>";
		};
		DEEFFA7F1E8D57C6001F5D3D /* BaseViewController */ = {
			isa = PBXGroup;
			children = (
				DEEFFA801E8D57EB001F5D3D /* BaseViewController.h */,
				DEEFFA811E8D57EB001F5D3D /* BaseViewController.m */,
				DEEFFA831E8D5805001F5D3D /* BaseNaviViewController.h */,
				DEEFFA841E8D5805001F5D3D /* BaseNaviViewController.m */,
			);
			name = BaseViewController;
			sourceTree = "<group>";
		};
/* End PBXGroup section */

/* Begin PBXNativeTarget section */
		DEEFFA631E8D55F8001F5D3D /* PPJQR */ = {
			isa = PBXNativeTarget;
			buildConfigurationList = DEEFFA7B1E8D55F8001F5D3D /* Build configuration list for PBXNativeTarget "PPJQR" */;
			buildPhases = (
				097A5F60701EAF5FF2A03203 /* [CP] Check Pods Manifest.lock */,
				DEEFFA601E8D55F8001F5D3D /* Sources */,
				DEEFFA611E8D55F8001F5D3D /* Frameworks */,
				DEEFFA621E8D55F8001F5D3D /* Resources */,
				92818957019254BDCE304A30 /* [CP] Embed Pods Frameworks */,
				0302C5C0A06E097DB83568C7 /* [CP] Copy Pods Resources */,
			);
			buildRules = (
			);
			dependencies = (
			);
			name = PPJQR;
			productName = PPJQR;
			productReference = DEEFFA641E8D55F8001F5D3D /* PPJQR.app */;
			productType = "com.apple.product-type.application";
		};
/* End PBXNativeTarget section */

/* Begin PBXProject section */
		DEEFFA5C1E8D55F8001F5D3D /* Project object */ = {
			isa = PBXProject;
			attributes = {
				LastUpgradeCheck = 0820;
				ORGANIZATIONNAME = liu_yakai;
				TargetAttributes = {
					DEEFFA631E8D55F8001F5D3D = {
						CreatedOnToolsVersion = 8.2.1;
						DevelopmentTeam = 8V5T4ELF29;
						ProvisioningStyle = Automatic;
						SystemCapabilities = {
							com.apple.BackgroundModes = {
								enabled = 1;
							};
						};
					};
				};
			};
			buildConfigurationList = DEEFFA5F1E8D55F8001F5D3D /* Build configuration list for PBXProject "PPJQR" */;
			compatibilityVersion = "Xcode 3.2";
			developmentRegion = English;
			hasScannedForEncodings = 0;
			knownRegions = (
				en,
				Base,
			);
			mainGroup = DEEFFA5B1E8D55F8001F5D3D;
			productRefGroup = DEEFFA651E8D55F8001F5D3D /* Products */;
			projectDirPath = "";
			projectRoot = "";
			targets = (
				DEEFFA631E8D55F8001F5D3D /* PPJQR */,
			);
		};
/* End PBXProject section */

/* Begin PBXResourcesBuildPhase section */
		DEEFFA621E8D55F8001F5D3D /* Resources */ = {
			isa = PBXResourcesBuildPhase;
			buildActionMask = 2147483647;
			files = (
				DEA3AC4C1EA8E9AE008A1A06 /* HeatView.xib in Resources */,
				DED83EA91EACA03E00E3468D /* FeedBackView.xib in Resources */,
				DE22382F1E9133AB004194F8 /* HomeLeftView.xib in Resources */,
				DEEFFA771E8D55F8001F5D3D /* LaunchScreen.storyboard in Resources */,
				DEA3AC511EA8EB59008A1A06 /* FootView.xib in Resources */,
				DEEFFA741E8D55F8001F5D3D /* Assets.xcassets in Resources */,
				DEA3AC421EA8DE4D008A1A06 /* MenuTVViewCell.xib in Resources */,
				DEEFFA721E8D55F8001F5D3D /* Main.storyboard in Resources */,
			);
			runOnlyForDeploymentPostprocessing = 0;
		};
/* End PBXResourcesBuildPhase section */

/* Begin PBXShellScriptBuildPhase section */
		0302C5C0A06E097DB83568C7 /* [CP] Copy Pods Resources */ = {
			isa = PBXShellScriptBuildPhase;
			buildActionMask = 2147483647;
			files = (
			);
			inputPaths = (
			);
			name = "[CP] Copy Pods Resources";
			outputPaths = (
			);
			runOnlyForDeploymentPostprocessing = 0;
			shellPath = /bin/sh;
			shellScript = "\"${SRCROOT}/Pods/Target Support Files/Pods-PPJQR/Pods-PPJQR-resources.sh\"\n";
			showEnvVarsInLog = 0;
		};
		097A5F60701EAF5FF2A03203 /* [CP] Check Pods Manifest.lock */ = {
			isa = PBXShellScriptBuildPhase;
			buildActionMask = 2147483647;
			files = (
			);
			inputPaths = (
			);
			name = "[CP] Check Pods Manifest.lock";
			outputPaths = (
			);
			runOnlyForDeploymentPostprocessing = 0;
			shellPath = /bin/sh;
			shellScript = "diff \"${PODS_ROOT}/../Podfile.lock\" \"${PODS_ROOT}/Manifest.lock\" > /dev/null\nif [ $? != 0 ] ; then\n    # print error to STDERR\n    echo \"error: The sandbox is not in sync with the Podfile.lock. Run 'pod install' or update your CocoaPods installation.\" >&2\n    exit 1\nfi\n";
			showEnvVarsInLog = 0;
		};
		92818957019254BDCE304A30 /* [CP] Embed Pods Frameworks */ = {
			isa = PBXShellScriptBuildPhase;
			buildActionMask = 2147483647;
			files = (
			);
			inputPaths = (
			);
			name = "[CP] Embed Pods Frameworks";
			outputPaths = (
			);
			runOnlyForDeploymentPostprocessing = 0;
			shellPath = /bin/sh;
			shellScript = "\"${SRCROOT}/Pods/Target Support Files/Pods-PPJQR/Pods-PPJQR-frameworks.sh\"\n";
			showEnvVarsInLog = 0;
		};
/* End PBXShellScriptBuildPhase section */

/* Begin PBXSourcesBuildPhase section */
		DEEFFA601E8D55F8001F5D3D /* Sources */ = {
			isa = PBXSourcesBuildPhase;
			buildActionMask = 2147483647;
			files = (
				DEEFFA6F1E8D55F8001F5D3D /* LoginViewController.m in Sources */,
				DEEFFA821E8D57EB001F5D3D /* BaseViewController.m in Sources */,
				DED83EA71EACA03400E3468D /* FeedBackView.m in Sources */,
				DED83EA11EAC98C500E3468D /* PlaceholderTextView.m in Sources */,
				DECBF4ED1E9E6ABC002A229B /* PlayModel.m in Sources */,
				DEEFFA6C1E8D55F8001F5D3D /* AppDelegate.m in Sources */,
				DECBF4EA1E9E6470002A229B /* Tools.m in Sources */,
				DEA3AC4A1EA8E997008A1A06 /* HeatView.m in Sources */,
				DEA3AC4F1EA8EB4A008A1A06 /* FootView.m in Sources */,
				DEA3AC551EA8F77B008A1A06 /* ExplainViewController.m in Sources */,
				DEA3AC411EA8DE4D008A1A06 /* MenuTVViewCell.m in Sources */,
				DEDC7F881E99F71B00DD2FC4 /* TTSConfig.m in Sources */,
				DED83EA41EAC9C0A00E3468D /* KLCPopup.m in Sources */,
				DEC7338B1EA78B0600F24795 /* CALayer+XibConfiguration.m in Sources */,
				DEEFFA691E8D55F8001F5D3D /* main.m in Sources */,
				DEEFFA851E8D5805001F5D3D /* BaseNaviViewController.m in Sources */,
				DECBF4E31E9E5ADD002A229B /* BaseView.m in Sources */,
				DEF6C20F1E97C3A90063D21B /* IATConfig.m in Sources */,
				DE22382D1E913397004194F8 /* HomeLeftView.m in Sources */,
				DEA35B931EA82DE0002C0F9E /* ForgetPasswordViewController.m in Sources */,
				DECBF4F01E9E6BB1002A229B /* WeatherModel.m in Sources */,
				DECBF4E71E9E6191002A229B /* MoreResultsModel.m in Sources */,
				DEC7338E1EA78FC900F24795 /* RegisterViewController.m in Sources */,
				DE2238291E9131F8004194F8 /* HomeViewController.m in Sources */,
				DECBF4E41E9E5ADD002A229B /* Toast+UIView.m in Sources */,
				DEDC7F851E99F59400DD2FC4 /* PcmPlayer.m in Sources */,
				DEA3AC581EA8F8A0008A1A06 /* FeedbackViewController.m in Sources */,
			);
			runOnlyForDeploymentPostprocessing = 0;
		};
/* End PBXSourcesBuildPhase section */

/* Begin PBXVariantGroup section */
		DEEFFA701E8D55F8001F5D3D /* Main.storyboard */ = {
			isa = PBXVariantGroup;
			children = (
				DEEFFA711E8D55F8001F5D3D /* Base */,
			);
			name = Main.storyboard;
			sourceTree = "<group>";
		};
		DEEFFA751E8D55F8001F5D3D /* LaunchScreen.storyboard */ = {
			isa = PBXVariantGroup;
			children = (
				DEEFFA761E8D55F8001F5D3D /* Base */,
			);
			name = LaunchScreen.storyboard;
			sourceTree = "<group>";
		};
/* End PBXVariantGroup section */

/* Begin XCBuildConfiguration section */
		DEEFFA791E8D55F8001F5D3D /* Debug */ = {
			isa = XCBuildConfiguration;
			buildSettings = {
				ALWAYS_SEARCH_USER_PATHS = NO;
				CLANG_ANALYZER_NONNULL = YES;
				CLANG_CXX_LANGUAGE_STANDARD = "gnu++0x";
				CLANG_CXX_LIBRARY = "libc++";
				CLANG_ENABLE_MODULES = YES;
				CLANG_ENABLE_OBJC_ARC = YES;
				CLANG_WARN_BOOL_CONVERSION = YES;
				CLANG_WARN_CONSTANT_CONVERSION = YES;
				CLANG_WARN_DIRECT_OBJC_ISA_USAGE = YES_ERROR;
				CLANG_WARN_DOCUMENTATION_COMMENTS = YES;
				CLANG_WARN_EMPTY_BODY = YES;
				CLANG_WARN_ENUM_CONVERSION = YES;
				CLANG_WARN_INFINITE_RECURSION = YES;
				CLANG_WARN_INT_CONVERSION = YES;
				CLANG_WARN_OBJC_ROOT_CLASS = YES_ERROR;
				CLANG_WARN_SUSPICIOUS_MOVE = YES;
				CLANG_WARN_UNREACHABLE_CODE = YES;
				CLANG_WARN__DUPLICATE_METHOD_MATCH = YES;
				"CODE_SIGN_IDENTITY[sdk=iphoneos*]" = "iPhone Developer";
				COPY_PHASE_STRIP = NO;
				DEBUG_INFORMATION_FORMAT = dwarf;
				ENABLE_STRICT_OBJC_MSGSEND = YES;
				ENABLE_TESTABILITY = YES;
				GCC_C_LANGUAGE_STANDARD = gnu99;
				GCC_DYNAMIC_NO_PIC = NO;
				GCC_NO_COMMON_BLOCKS = YES;
				GCC_OPTIMIZATION_LEVEL = 0;
				GCC_PREPROCESSOR_DEFINITIONS = (
					"DEBUG=1",
					"$(inherited)",
				);
				GCC_WARN_64_TO_32_BIT_CONVERSION = YES;
				GCC_WARN_ABOUT_RETURN_TYPE = YES_ERROR;
				GCC_WARN_UNDECLARED_SELECTOR = YES;
				GCC_WARN_UNINITIALIZED_AUTOS = YES_AGGRESSIVE;
				GCC_WARN_UNUSED_FUNCTION = YES;
				GCC_WARN_UNUSED_VARIABLE = YES;
				IPHONEOS_DEPLOYMENT_TARGET = 10.2;
				MTL_ENABLE_DEBUG_INFO = YES;
				ONLY_ACTIVE_ARCH = YES;
				SDKROOT = iphoneos;
				TARGETED_DEVICE_FAMILY = "1,2";
			};
			name = Debug;
		};
		DEEFFA7A1E8D55F8001F5D3D /* Release */ = {
			isa = XCBuildConfiguration;
			buildSettings = {
				ALWAYS_SEARCH_USER_PATHS = NO;
				CLANG_ANALYZER_NONNULL = YES;
				CLANG_CXX_LANGUAGE_STANDARD = "gnu++0x";
				CLANG_CXX_LIBRARY = "libc++";
				CLANG_ENABLE_MODULES = YES;
				CLANG_ENABLE_OBJC_ARC = YES;
				CLANG_WARN_BOOL_CONVERSION = YES;
				CLANG_WARN_CONSTANT_CONVERSION = YES;
				CLANG_WARN_DIRECT_OBJC_ISA_USAGE = YES_ERROR;
				CLANG_WARN_DOCUMENTATION_COMMENTS = YES;
				CLANG_WARN_EMPTY_BODY = YES;
				CLANG_WARN_ENUM_CONVERSION = YES;
				CLANG_WARN_INFINITE_RECURSION = YES;
				CLANG_WARN_INT_CONVERSION = YES;
				CLANG_WARN_OBJC_ROOT_CLASS = YES_ERROR;
				CLANG_WARN_SUSPICIOUS_MOVE = YES;
				CLANG_WARN_UNREACHABLE_CODE = YES;
				CLANG_WARN__DUPLICATE_METHOD_MATCH = YES;
				"CODE_SIGN_IDENTITY[sdk=iphoneos*]" = "iPhone Developer";
				COPY_PHASE_STRIP = NO;
				DEBUG_INFORMATION_FORMAT = "dwarf-with-dsym";
				ENABLE_NS_ASSERTIONS = NO;
				ENABLE_STRICT_OBJC_MSGSEND = YES;
				GCC_C_LANGUAGE_STANDARD = gnu99;
				GCC_NO_COMMON_BLOCKS = YES;
				GCC_WARN_64_TO_32_BIT_CONVERSION = YES;
				GCC_WARN_ABOUT_RETURN_TYPE = YES_ERROR;
				GCC_WARN_UNDECLARED_SELECTOR = YES;
				GCC_WARN_UNINITIALIZED_AUTOS = YES_AGGRESSIVE;
				GCC_WARN_UNUSED_FUNCTION = YES;
				GCC_WARN_UNUSED_VARIABLE = YES;
				IPHONEOS_DEPLOYMENT_TARGET = 10.2;
				MTL_ENABLE_DEBUG_INFO = NO;
				SDKROOT = iphoneos;
				TARGETED_DEVICE_FAMILY = "1,2";
				VALIDATE_PRODUCT = YES;
			};
			name = Release;
		};
		DEEFFA7C1E8D55F8001F5D3D /* Debug */ = {
			isa = XCBuildConfiguration;
			baseConfigurationReference = 89837CB44028497EC395DC18 /* Pods-PPJQR.debug.xcconfig */;
			buildSettings = {
				ASSETCATALOG_COMPILER_APPICON_NAME = AppIcon;
				DEVELOPMENT_TEAM = 8V5T4ELF29;
				ENABLE_BITCODE = NO;
				FRAMEWORK_SEARCH_PATHS = (
					"$(inherited)",
					"$(PROJECT_DIR)",
					"\"$(SRCROOT)/iflyMSC.framework\"",
					"\"${PODS_ROOT}/Headers/Public/FreeStreamer\"",
					"\"${PODS_ROOT}/Headers/Public/Reachability\"",
				);
				INFOPLIST_FILE = PPJQR/Info.plist;
				IPHONEOS_DEPLOYMENT_TARGET = 8.0;
				LD_RUNPATH_SEARCH_PATHS = "$(inherited) @executable_path/Frameworks";
				PRODUCT_BUNDLE_IDENTIFIER = com.KYJL.driverSide;
				PRODUCT_NAME = "$(TARGET_NAME)";
			};
			name = Debug;
		};
		DEEFFA7D1E8D55F8001F5D3D /* Release */ = {
			isa = XCBuildConfiguration;
			baseConfigurationReference = 4D2115B64C0613FDC4C1A439 /* Pods-PPJQR.release.xcconfig */;
			buildSettings = {
				ASSETCATALOG_COMPILER_APPICON_NAME = AppIcon;
				DEVELOPMENT_TEAM = 8V5T4ELF29;
				ENABLE_BITCODE = NO;
				FRAMEWORK_SEARCH_PATHS = (
					"$(inherited)",
					"$(PROJECT_DIR)",
					"\"$(SRCROOT)/iflyMSC.framework\"",
					"\"${PODS_ROOT}/Headers/Public/FreeStreamer\"",
					"\"${PODS_ROOT}/Headers/Public/Reachability\"",
				);
				INFOPLIST_FILE = PPJQR/Info.plist;
				IPHONEOS_DEPLOYMENT_TARGET = 8.0;
				LD_RUNPATH_SEARCH_PATHS = "$(inherited) @executable_path/Frameworks";
				PRODUCT_BUNDLE_IDENTIFIER = com.KYJL.driverSide;
				PRODUCT_NAME = "$(TARGET_NAME)";
			};
			name = Release;
		};
/* End XCBuildConfiguration section */

/* Begin XCConfigurationList section */
		DEEFFA5F1E8D55F8001F5D3D /* Build configuration list for PBXProject "PPJQR" */ = {
			isa = XCConfigurationList;
			buildConfigurations = (
				DEEFFA791E8D55F8001F5D3D /* Debug */,
				DEEFFA7A1E8D55F8001F5D3D /* Release */,
			);
			defaultConfigurationIsVisible = 0;
			defaultConfigurationName = Release;
		};
		DEEFFA7B1E8D55F8001F5D3D /* Build configuration list for PBXNativeTarget "PPJQR" */ = {
			isa = XCConfigurationList;
			buildConfigurations = (
				DEEFFA7C1E8D55F8001F5D3D /* Debug */,
				DEEFFA7D1E8D55F8001F5D3D /* Release */,
			);
			defaultConfigurationIsVisible = 0;
			defaultConfigurationName = Release;
		};
/* End XCConfigurationList section */
	};
	rootObject = DEEFFA5C1E8D55F8001F5D3D /* Project object */;
}
