// !$*UTF8*$!
{
	archiveVersion = 1;
	classes = {
	};
	objectVersion = 46;
	objects = {

/* Begin PBXBuildFile section */
		AB0A5956A623631CA8C1E083 /* libPods-PPJQR.a in Frameworks */ = {isa = PBXBuildFile; fileRef = 8D66D02F8966943CA8ADA271 /* libPods-PPJQR.a */; };
		DE2238291E9131F8004194F8 /* HomeViewController.m in Sources */ = {isa = PBXBuildFile; fileRef = DE2238281E9131F8004194F8 /* HomeViewController.m */; };
		DE22382D1E913397004194F8 /* HomeLeftView.m in Sources */ = {isa = PBXBuildFile; fileRef = DE22382C1E913397004194F8 /* HomeLeftView.m */; };
		DE22382F1E9133AB004194F8 /* HomeLeftView.xib in Resources */ = {isa = PBXBuildFile; fileRef = DE22382E1E9133AB004194F8 /* HomeLeftView.xib */; };
		DE2238331E9135AC004194F8 /* HomeHeatView.m in Sources */ = {isa = PBXBuildFile; fileRef = DE2238321E9135AC004194F8 /* HomeHeatView.m */; };
		DE2238351E9135B7004194F8 /* HomeHeatView.xib in Resources */ = {isa = PBXBuildFile; fileRef = DE2238341E9135B7004194F8 /* HomeHeatView.xib */; };
		DE22383A1E9136CE004194F8 /* HomeLeftCell.m in Sources */ = {isa = PBXBuildFile; fileRef = DE2238381E9136CE004194F8 /* HomeLeftCell.m */; };
		DE22383B1E9136CE004194F8 /* HomeLeftCell.xib in Resources */ = {isa = PBXBuildFile; fileRef = DE2238391E9136CE004194F8 /* HomeLeftCell.xib */; };
		DEA1D6A31E953248008F36D5 /* libz.tbd in Frameworks */ = {isa = PBXBuildFile; fileRef = DEA1D6A21E953248008F36D5 /* libz.tbd */; };
		DEA1D6A71E953273008F36D5 /* CoreLocation.framework in Frameworks */ = {isa = PBXBuildFile; fileRef = DEA1D6A61E953273008F36D5 /* CoreLocation.framework */; };
		DEA1D6A91E95327F008F36D5 /* CoreTelephony.framework in Frameworks */ = {isa = PBXBuildFile; fileRef = DEA1D6A81E95327F008F36D5 /* CoreTelephony.framework */; };
		DEA1D6AB1E9532BF008F36D5 /* AVFoundation.framework in Frameworks */ = {isa = PBXBuildFile; fileRef = DEA1D6AA1E9532BF008F36D5 /* AVFoundation.framework */; };
		DEA1D6AD1E9532CA008F36D5 /* AddressBook.framework in Frameworks */ = {isa = PBXBuildFile; fileRef = DEA1D6AC1E9532CA008F36D5 /* AddressBook.framework */; };
		DEA1D6AF1E9532E3008F36D5 /* AudioToolbox.framework in Frameworks */ = {isa = PBXBuildFile; fileRef = DEA1D6AE1E9532E3008F36D5 /* AudioToolbox.framework */; };
		DEA1D6B11E9532EC008F36D5 /* SystemConfiguration.framework in Frameworks */ = {isa = PBXBuildFile; fileRef = DEA1D6B01E9532EC008F36D5 /* SystemConfiguration.framework */; };
		DEA1D6B31E9532F4008F36D5 /* QuartzCore.framework in Frameworks */ = {isa = PBXBuildFile; fileRef = DEA1D6B21E9532F4008F36D5 /* QuartzCore.framework */; };
		DEA1D6B51E9532FB008F36D5 /* UIKit.framework in Frameworks */ = {isa = PBXBuildFile; fileRef = DEA1D6B41E9532FB008F36D5 /* UIKit.framework */; };
		DEA1D6B71E953353008F36D5 /* Foundation.framework in Frameworks */ = {isa = PBXBuildFile; fileRef = DEA1D6B61E953353008F36D5 /* Foundation.framework */; };
		DEA1D6B91E953362008F36D5 /* CoreGraphics.framework in Frameworks */ = {isa = PBXBuildFile; fileRef = DEA1D6B81E953362008F36D5 /* CoreGraphics.framework */; };
		DEA1D6BD1E95350A008F36D5 /* Contacts.framework in Frameworks */ = {isa = PBXBuildFile; fileRef = DEA1D6BC1E95350A008F36D5 /* Contacts.framework */; };
		DEEFFA691E8D55F8001F5D3D /* main.m in Sources */ = {isa = PBXBuildFile; fileRef = DEEFFA681E8D55F8001F5D3D /* main.m */; };
		DEEFFA6C1E8D55F8001F5D3D /* AppDelegate.m in Sources */ = {isa = PBXBuildFile; fileRef = DEEFFA6B1E8D55F8001F5D3D /* AppDelegate.m */; };
		DEEFFA6F1E8D55F8001F5D3D /* LoginViewController.m in Sources */ = {isa = PBXBuildFile; fileRef = DEEFFA6E1E8D55F8001F5D3D /* LoginViewController.m */; };
		DEEFFA721E8D55F8001F5D3D /* Main.storyboard in Resources */ = {isa = PBXBuildFile; fileRef = DEEFFA701E8D55F8001F5D3D /* Main.storyboard */; };
		DEEFFA741E8D55F8001F5D3D /* Assets.xcassets in Resources */ = {isa = PBXBuildFile; fileRef = DEEFFA731E8D55F8001F5D3D /* Assets.xcassets */; };
		DEEFFA771E8D55F8001F5D3D /* LaunchScreen.storyboard in Resources */ = {isa = PBXBuildFile; fileRef = DEEFFA751E8D55F8001F5D3D /* LaunchScreen.storyboard */; };
		DEEFFA821E8D57EB001F5D3D /* BaseViewController.m in Sources */ = {isa = PBXBuildFile; fileRef = DEEFFA811E8D57EB001F5D3D /* BaseViewController.m */; };
		DEEFFA851E8D5805001F5D3D /* BaseNaviViewController.m in Sources */ = {isa = PBXBuildFile; fileRef = DEEFFA841E8D5805001F5D3D /* BaseNaviViewController.m */; };
		DEF6C20F1E97C3A90063D21B /* IATConfig.m in Sources */ = {isa = PBXBuildFile; fileRef = DEF6C20E1E97C3A90063D21B /* IATConfig.m */; };
		DEF6C2111E97C7B20063D21B /* iflyMSC.framework in Frameworks */ = {isa = PBXBuildFile; fileRef = DEF6C2101E97C7B20063D21B /* iflyMSC.framework */; };
/* End PBXBuildFile section */

/* Begin PBXFileReference section */
		4D2115B64C0613FDC4C1A439 /* Pods-PPJQR.release.xcconfig */ = {isa = PBXFileReference; includeInIndex = 1; lastKnownFileType = text.xcconfig; name = "Pods-PPJQR.release.xcconfig"; path = "Pods/Target Support Files/Pods-PPJQR/Pods-PPJQR.release.xcconfig"; sourceTree = "<group>"; };
		89837CB44028497EC395DC18 /* Pods-PPJQR.debug.xcconfig */ = {isa = PBXFileReference; includeInIndex = 1; lastKnownFileType = text.xcconfig; name = "Pods-PPJQR.debug.xcconfig"; path = "Pods/Target Support Files/Pods-PPJQR/Pods-PPJQR.debug.xcconfig"; sourceTree = "<group>"; };
		8D66D02F8966943CA8ADA271 /* libPods-PPJQR.a */ = {isa = PBXFileReference; explicitFileType = archive.ar; includeInIndex = 0; path = "libPods-PPJQR.a"; sourceTree = BUILT_PRODUCTS_DIR; };
		DE2238271E9131F8004194F8 /* HomeViewController.h */ = {isa = PBXFileReference; fileEncoding = 4; lastKnownFileType = sourcecode.c.h; path = HomeViewController.h; sourceTree = "<group>"; };
		DE2238281E9131F8004194F8 /* HomeViewController.m */ = {isa = PBXFileReference; fileEncoding = 4; lastKnownFileType = sourcecode.c.objc; path = HomeViewController.m; sourceTree = "<group>"; };
		DE22382B1E913397004194F8 /* HomeLeftView.h */ = {isa = PBXFileReference; fileEncoding = 4; lastKnownFileType = sourcecode.c.h; path = HomeLeftView.h; sourceTree = "<group>"; };
		DE22382C1E913397004194F8 /* HomeLeftView.m */ = {isa = PBXFileReference; fileEncoding = 4; lastKnownFileType = sourcecode.c.objc; path = HomeLeftView.m; sourceTree = "<group>"; };
		DE22382E1E9133AB004194F8 /* HomeLeftView.xib */ = {isa = PBXFileReference; fileEncoding = 4; lastKnownFileType = file.xib; path = HomeLeftView.xib; sourceTree = "<group>"; };
		DE2238311E9135AC004194F8 /* HomeHeatView.h */ = {isa = PBXFileReference; fileEncoding = 4; lastKnownFileType = sourcecode.c.h; path = HomeHeatView.h; sourceTree = "<group>"; };
		DE2238321E9135AC004194F8 /* HomeHeatView.m */ = {isa = PBXFileReference; fileEncoding = 4; lastKnownFileType = sourcecode.c.objc; path = HomeHeatView.m; sourceTree = "<group>"; };
		DE2238341E9135B7004194F8 /* HomeHeatView.xib */ = {isa = PBXFileReference; fileEncoding = 4; lastKnownFileType = file.xib; path = HomeHeatView.xib; sourceTree = "<group>"; };
		DE2238371E9136CE004194F8 /* HomeLeftCell.h */ = {isa = PBXFileReference; fileEncoding = 4; lastKnownFileType = sourcecode.c.h; path = HomeLeftCell.h; sourceTree = "<group>"; };
		DE2238381E9136CE004194F8 /* HomeLeftCell.m */ = {isa = PBXFileReference; fileEncoding = 4; lastKnownFileType = sourcecode.c.objc; path = HomeLeftCell.m; sourceTree = "<group>"; };
		DE2238391E9136CE004194F8 /* HomeLeftCell.xib */ = {isa = PBXFileReference; fileEncoding = 4; lastKnownFileType = file.xib; path = HomeLeftCell.xib; sourceTree = "<group>"; };
		DE22383C1E913874004194F8 /* PPJQR.h */ = {isa = PBXFileReference; fileEncoding = 4; lastKnownFileType = sourcecode.c.h; path = PPJQR.h; sourceTree = "<group>"; };
		DEA1D6A21E953248008F36D5 /* libz.tbd */ = {isa = PBXFileReference; lastKnownFileType = "sourcecode.text-based-dylib-definition"; name = libz.tbd; path = usr/lib/libz.tbd; sourceTree = SDKROOT; };
		DEA1D6A61E953273008F36D5 /* CoreLocation.framework */ = {isa = PBXFileReference; lastKnownFileType = wrapper.framework; name = CoreLocation.framework; path = System/Library/Frameworks/CoreLocation.framework; sourceTree = SDKROOT; };
		DEA1D6A81E95327F008F36D5 /* CoreTelephony.framework */ = {isa = PBXFileReference; lastKnownFileType = wrapper.framework; name = CoreTelephony.framework; path = System/Library/Frameworks/CoreTelephony.framework; sourceTree = SDKROOT; };
		DEA1D6AA1E9532BF008F36D5 /* AVFoundation.framework */ = {isa = PBXFileReference; lastKnownFileType = wrapper.framework; name = AVFoundation.framework; path = System/Library/Frameworks/AVFoundation.framework; sourceTree = SDKROOT; };
		DEA1D6AC1E9532CA008F36D5 /* AddressBook.framework */ = {isa = PBXFileReference; lastKnownFileType = wrapper.framework; name = AddressBook.framework; path = System/Library/Frameworks/AddressBook.framework; sourceTree = SDKROOT; };
		DEA1D6AE1E9532E3008F36D5 /* AudioToolbox.framework */ = {isa = PBXFileReference; lastKnownFileType = wrapper.framework; name = AudioToolbox.framework; path = System/Library/Frameworks/AudioToolbox.framework; sourceTree = SDKROOT; };
		DEA1D6B01E9532EC008F36D5 /* SystemConfiguration.framework */ = {isa = PBXFileReference; lastKnownFileType = wrapper.framework; name = SystemConfiguration.framework; path = System/Library/Frameworks/SystemConfiguration.framework; sourceTree = SDKROOT; };
		DEA1D6B21E9532F4008F36D5 /* QuartzCore.framework */ = {isa = PBXFileReference; lastKnownFileType = wrapper.framework; name = QuartzCore.framework; path = System/Library/Frameworks/QuartzCore.framework; sourceTree = SDKROOT; };
		DEA1D6B41E9532FB008F36D5 /* UIKit.framework */ = {isa = PBXFileReference; lastKnownFileType = wrapper.framework; name = UIKit.framework; path = System/Library/Frameworks/UIKit.framework; sourceTree = SDKROOT; };
		DEA1D6B61E953353008F36D5 /* Foundation.framework */ = {isa = PBXFileReference; lastKnownFileType = wrapper.framework; name = Foundation.framework; path = System/Library/Frameworks/Foundation.framework; sourceTree = SDKROOT; };
		DEA1D6B81E953362008F36D5 /* CoreGraphics.framework */ = {isa = PBXFileReference; lastKnownFileType = wrapper.framework; name = CoreGraphics.framework; path = System/Library/Frameworks/CoreGraphics.framework; sourceTree = SDKROOT; };
		DEA1D6BC1E95350A008F36D5 /* Contacts.framework */ = {isa = PBXFileReference; lastKnownFileType = wrapper.framework; name = Contacts.framework; path = System/Library/Frameworks/Contacts.framework; sourceTree = SDKROOT; };
		DEEFFA641E8D55F8001F5D3D /* PPJQR.app */ = {isa = PBXFileReference; explicitFileType = wrapper.application; includeInIndex = 0; path = PPJQR.app; sourceTree = BUILT_PRODUCTS_DIR; };
		DEEFFA681E8D55F8001F5D3D /* main.m */ = {isa = PBXFileReference; lastKnownFileType = sourcecode.c.objc; path = main.m; sourceTree = "<group>"; };
		DEEFFA6A1E8D55F8001F5D3D /* AppDelegate.h */ = {isa = PBXFileReference; lastKnownFileType = sourcecode.c.h; path = AppDelegate.h; sourceTree = "<group>"; };
		DEEFFA6B1E8D55F8001F5D3D /* AppDelegate.m */ = {isa = PBXFileReference; lastKnownFileType = sourcecode.c.objc; path = AppDelegate.m; sourceTree = "<group>"; };
		DEEFFA6D1E8D55F8001F5D3D /* LoginViewController.h */ = {isa = PBXFileReference; lastKnownFileType = sourcecode.c.h; path = LoginViewController.h; sourceTree = "<group>"; };
		DEEFFA6E1E8D55F8001F5D3D /* LoginViewController.m */ = {isa = PBXFileReference; lastKnownFileType = sourcecode.c.objc; path = LoginViewController.m; sourceTree = "<group>"; };
		DEEFFA711E8D55F8001F5D3D /* Base */ = {isa = PBXFileReference; lastKnownFileType = file.storyboard; name = Base; path = Base.lproj/Main.storyboard; sourceTree = "<group>"; };
		DEEFFA731E8D55F8001F5D3D /* Assets.xcassets */ = {isa = PBXFileReference; lastKnownFileType = folder.assetcatalog; path = Assets.xcassets; sourceTree = "<group>"; };
		DEEFFA761E8D55F8001F5D3D /* Base */ = {isa = PBXFileReference; lastKnownFileType = file.storyboard; name = Base; path = Base.lproj/LaunchScreen.storyboard; sourceTree = "<group>"; };
		DEEFFA781E8D55F8001F5D3D /* Info.plist */ = {isa = PBXFileReference; lastKnownFileType = text.plist.xml; path = Info.plist; sourceTree = "<group>"; };
		DEEFFA801E8D57EB001F5D3D /* BaseViewController.h */ = {isa = PBXFileReference; fileEncoding = 4; lastKnownFileType = sourcecode.c.h; path = BaseViewController.h; sourceTree = "<group>"; };
		DEEFFA811E8D57EB001F5D3D /* BaseViewController.m */ = {isa = PBXFileReference; fileEncoding = 4; lastKnownFileType = sourcecode.c.objc; path = BaseViewController.m; sourceTree = "<group>"; };
		DEEFFA831E8D5805001F5D3D /* BaseNaviViewController.h */ = {isa = PBXFileReference; fileEncoding = 4; lastKnownFileType = sourcecode.c.h; path = BaseNaviViewController.h; sourceTree = "<group>"; };
		DEEFFA841E8D5805001F5D3D /* BaseNaviViewController.m */ = {isa = PBXFileReference; fileEncoding = 4; lastKnownFileType = sourcecode.c.objc; path = BaseNaviViewController.m; sourceTree = "<group>"; };
		DEF6C20D1E97C3A90063D21B /* IATConfig.h */ = {isa = PBXFileReference; fileEncoding = 4; lastKnownFileType = sourcecode.c.h; path = IATConfig.h; sourceTree = "<group>"; };
		DEF6C20E1E97C3A90063D21B /* IATConfig.m */ = {isa = PBXFileReference; fileEncoding = 4; lastKnownFileType = sourcecode.c.objc; path = IATConfig.m; sourceTree = "<group>"; };
		DEF6C2101E97C7B20063D21B /* iflyMSC.framework */ = {isa = PBXFileReference; lastKnownFileType = wrapper.framework; path = iflyMSC.framework; sourceTree = "<group>"; };
/* End PBXFileReference section */

/* Begin PBXFrameworksBuildPhase section */
		DEEFFA611E8D55F8001F5D3D /* Frameworks */ = {
			isa = PBXFrameworksBuildPhase;
			buildActionMask = 2147483647;
			files = (
				DEA1D6BD1E95350A008F36D5 /* Contacts.framework in Frameworks */,
				DEA1D6B91E953362008F36D5 /* CoreGraphics.framework in Frameworks */,
				DEA1D6B71E953353008F36D5 /* Foundation.framework in Frameworks */,
				DEA1D6B51E9532FB008F36D5 /* UIKit.framework in Frameworks */,
				DEA1D6B31E9532F4008F36D5 /* QuartzCore.framework in Frameworks */,
				DEA1D6B11E9532EC008F36D5 /* SystemConfiguration.framework in Frameworks */,
				DEF6C2111E97C7B20063D21B /* iflyMSC.framework in Frameworks */,
				DEA1D6AF1E9532E3008F36D5 /* AudioToolbox.framework in Frameworks */,
				DEA1D6AD1E9532CA008F36D5 /* AddressBook.framework in Frameworks */,
				DEA1D6AB1E9532BF008F36D5 /* AVFoundation.framework in Frameworks */,
				DEA1D6A91E95327F008F36D5 /* CoreTelephony.framework in Frameworks */,
				DEA1D6A71E953273008F36D5 /* CoreLocation.framework in Frameworks */,
				DEA1D6A31E953248008F36D5 /* libz.tbd in Frameworks */,
				AB0A5956A623631CA8C1E083 /* libPods-PPJQR.a in Frameworks */,
			);
			runOnlyForDeploymentPostprocessing = 0;
		};
/* End PBXFrameworksBuildPhase section */

/* Begin PBXGroup section */
		208712934D5F8C1E5D685604 /* Pods */ = {
			isa = PBXGroup;
			children = (
				89837CB44028497EC395DC18 /* Pods-PPJQR.debug.xcconfig */,
				4D2115B64C0613FDC4C1A439 /* Pods-PPJQR.release.xcconfig */,
			);
			name = Pods;
			sourceTree = "<group>";
		};
		73A843E79E59A2720AD4B3AF /* Frameworks */ = {
			isa = PBXGroup;
			children = (
				DEF6C2101E97C7B20063D21B /* iflyMSC.framework */,
				DEA1D6BC1E95350A008F36D5 /* Contacts.framework */,
				DEA1D6B81E953362008F36D5 /* CoreGraphics.framework */,
				DEA1D6B61E953353008F36D5 /* Foundation.framework */,
				DEA1D6B41E9532FB008F36D5 /* UIKit.framework */,
				DEA1D6B21E9532F4008F36D5 /* QuartzCore.framework */,
				DEA1D6B01E9532EC008F36D5 /* SystemConfiguration.framework */,
				DEA1D6AE1E9532E3008F36D5 /* AudioToolbox.framework */,
				DEA1D6AC1E9532CA008F36D5 /* AddressBook.framework */,
				DEA1D6AA1E9532BF008F36D5 /* AVFoundation.framework */,
				DEA1D6A81E95327F008F36D5 /* CoreTelephony.framework */,
				DEA1D6A61E953273008F36D5 /* CoreLocation.framework */,
				DEA1D6A21E953248008F36D5 /* libz.tbd */,
				8D66D02F8966943CA8ADA271 /* libPods-PPJQR.a */,
			);
			name = Frameworks;
			sourceTree = "<group>";
		};
		DE2238261E9131D9004194F8 /* 主界面 */ = {
			isa = PBXGroup;
			children = (
				DEF6C20D1E97C3A90063D21B /* IATConfig.h */,
				DEF6C20E1E97C3A90063D21B /* IATConfig.m */,
				DE714E131E9672A90002B07D /* Model */,
				DE22382A1E91337A004194F8 /* View */,
				DE2238271E9131F8004194F8 /* HomeViewController.h */,
				DE2238281E9131F8004194F8 /* HomeViewController.m */,
			);
			name = "主界面";
			sourceTree = "<group>";
		};
		DE22382A1E91337A004194F8 /* View */ = {
			isa = PBXGroup;
			children = (
				DE22382B1E913397004194F8 /* HomeLeftView.h */,
				DE22382C1E913397004194F8 /* HomeLeftView.m */,
				DE22382E1E9133AB004194F8 /* HomeLeftView.xib */,
				DE2238311E9135AC004194F8 /* HomeHeatView.h */,
				DE2238321E9135AC004194F8 /* HomeHeatView.m */,
				DE2238341E9135B7004194F8 /* HomeHeatView.xib */,
				DE2238371E9136CE004194F8 /* HomeLeftCell.h */,
				DE2238381E9136CE004194F8 /* HomeLeftCell.m */,
				DE2238391E9136CE004194F8 /* HomeLeftCell.xib */,
			);
			name = View;
			sourceTree = "<group>";
		};
		DE714E131E9672A90002B07D /* Model */ = {
			isa = PBXGroup;
			children = (
			);
			name = Model;
			sourceTree = "<group>";
		};
		DEEFFA5B1E8D55F8001F5D3D = {
			isa = PBXGroup;
			children = (
				DEEFFA661E8D55F8001F5D3D /* PPJQR */,
				DEEFFA651E8D55F8001F5D3D /* Products */,
				208712934D5F8C1E5D685604 /* Pods */,
				73A843E79E59A2720AD4B3AF /* Frameworks */,
			);
			sourceTree = "<group>";
		};
		DEEFFA651E8D55F8001F5D3D /* Products */ = {
			isa = PBXGroup;
			children = (
				DEEFFA641E8D55F8001F5D3D /* PPJQR.app */,
			);
			name = Products;
			sourceTree = "<group>";
		};
		DEEFFA661E8D55F8001F5D3D /* PPJQR */ = {
			isa = PBXGroup;
			children = (
				DE2238261E9131D9004194F8 /* 主界面 */,
				DEEFFA7F1E8D57C6001F5D3D /* BaseViewController */,
				DEEFFA7E1E8D5798001F5D3D /* 登录 */,
				DEEFFA6A1E8D55F8001F5D3D /* AppDelegate.h */,
				DEEFFA6B1E8D55F8001F5D3D /* AppDelegate.m */,
				DEEFFA701E8D55F8001F5D3D /* Main.storyboard */,
				DEEFFA731E8D55F8001F5D3D /* Assets.xcassets */,
				DEEFFA751E8D55F8001F5D3D /* LaunchScreen.storyboard */,
				DEEFFA781E8D55F8001F5D3D /* Info.plist */,
				DEEFFA671E8D55F8001F5D3D /* Supporting Files */,
			);
			path = PPJQR;
			sourceTree = "<group>";
		};
		DEEFFA671E8D55F8001F5D3D /* Supporting Files */ = {
			isa = PBXGroup;
			children = (
				DEEFFA681E8D55F8001F5D3D /* main.m */,
				DE22383C1E913874004194F8 /* PPJQR.h */,
			);
			name = "Supporting Files";
			sourceTree = "<group>";
		};
		DEEFFA7E1E8D5798001F5D3D /* 登录 */ = {
			isa = PBXGroup;
			children = (
				DEEFFA6D1E8D55F8001F5D3D /* LoginViewController.h */,
				DEEFFA6E1E8D55F8001F5D3D /* LoginViewController.m */,
			);
			name = "登录";
			sourceTree = "<group>";
		};
		DEEFFA7F1E8D57C6001F5D3D /* BaseViewController */ = {
			isa = PBXGroup;
			children = (
				DEEFFA801E8D57EB001F5D3D /* BaseViewController.h */,
				DEEFFA811E8D57EB001F5D3D /* BaseViewController.m */,
				DEEFFA831E8D5805001F5D3D /* BaseNaviViewController.h */,
				DEEFFA841E8D5805001F5D3D /* BaseNaviViewController.m */,
			);
			name = BaseViewController;
			sourceTree = "<group>";
		};
/* End PBXGroup section */

/* Begin PBXNativeTarget section */
		DEEFFA631E8D55F8001F5D3D /* PPJQR */ = {
			isa = PBXNativeTarget;
			buildConfigurationList = DEEFFA7B1E8D55F8001F5D3D /* Build configuration list for PBXNativeTarget "PPJQR" */;
			buildPhases = (
				097A5F60701EAF5FF2A03203 /* [CP] Check Pods Manifest.lock */,
				DEEFFA601E8D55F8001F5D3D /* Sources */,
				DEEFFA611E8D55F8001F5D3D /* Frameworks */,
				DEEFFA621E8D55F8001F5D3D /* Resources */,
				92818957019254BDCE304A30 /* [CP] Embed Pods Frameworks */,
				0302C5C0A06E097DB83568C7 /* [CP] Copy Pods Resources */,
			);
			buildRules = (
			);
			dependencies = (
			);
			name = PPJQR;
			productName = PPJQR;
			productReference = DEEFFA641E8D55F8001F5D3D /* PPJQR.app */;
			productType = "com.apple.product-type.application";
		};
/* End PBXNativeTarget section */

/* Begin PBXProject section */
		DEEFFA5C1E8D55F8001F5D3D /* Project object */ = {
			isa = PBXProject;
			attributes = {
				LastUpgradeCheck = 0820;
				ORGANIZATIONNAME = liu_yakai;
				TargetAttributes = {
					DEEFFA631E8D55F8001F5D3D = {
						CreatedOnToolsVersion = 8.2.1;
						DevelopmentTeam = S69V8T638E;
						ProvisioningStyle = Automatic;
						SystemCapabilities = {
							com.apple.BackgroundModes = {
								enabled = 1;
							};
						};
					};
				};
			};
			buildConfigurationList = DEEFFA5F1E8D55F8001F5D3D /* Build configuration list for PBXProject "PPJQR" */;
			compatibilityVersion = "Xcode 3.2";
			developmentRegion = English;
			hasScannedForEncodings = 0;
			knownRegions = (
				en,
				Base,
			);
			mainGroup = DEEFFA5B1E8D55F8001F5D3D;
			productRefGroup = DEEFFA651E8D55F8001F5D3D /* Products */;
			projectDirPath = "";
			projectRoot = "";
			targets = (
				DEEFFA631E8D55F8001F5D3D /* PPJQR */,
			);
		};
/* End PBXProject section */

/* Begin PBXResourcesBuildPhase section */
		DEEFFA621E8D55F8001F5D3D /* Resources */ = {
			isa = PBXResourcesBuildPhase;
			buildActionMask = 2147483647;
			files = (
				DE22382F1E9133AB004194F8 /* HomeLeftView.xib in Resources */,
				DEEFFA771E8D55F8001F5D3D /* LaunchScreen.storyboard in Resources */,
				DEEFFA741E8D55F8001F5D3D /* Assets.xcassets in Resources */,
				DE22383B1E9136CE004194F8 /* HomeLeftCell.xib in Resources */,
				DEEFFA721E8D55F8001F5D3D /* Main.storyboard in Resources */,
				DE2238351E9135B7004194F8 /* HomeHeatView.xib in Resources */,
			);
			runOnlyForDeploymentPostprocessing = 0;
		};
/* End PBXResourcesBuildPhase section */

/* Begin PBXShellScriptBuildPhase section */
		0302C5C0A06E097DB83568C7 /* [CP] Copy Pods Resources */ = {
			isa = PBXShellScriptBuildPhase;
			buildActionMask = 2147483647;
			files = (
			);
			inputPaths = (
			);
			name = "[CP] Copy Pods Resources";
			outputPaths = (
			);
			runOnlyForDeploymentPostprocessing = 0;
			shellPath = /bin/sh;
			shellScript = "\"${SRCROOT}/Pods/Target Support Files/Pods-PPJQR/Pods-PPJQR-resources.sh\"\n";
			showEnvVarsInLog = 0;
		};
		097A5F60701EAF5FF2A03203 /* [CP] Check Pods Manifest.lock */ = {
			isa = PBXShellScriptBuildPhase;
			buildActionMask = 2147483647;
			files = (
			);
			inputPaths = (
			);
			name = "[CP] Check Pods Manifest.lock";
			outputPaths = (
			);
			runOnlyForDeploymentPostprocessing = 0;
			shellPath = /bin/sh;
			shellScript = "diff \"${PODS_ROOT}/../Podfile.lock\" \"${PODS_ROOT}/Manifest.lock\" > /dev/null\nif [ $? != 0 ] ; then\n    # print error to STDERR\n    echo \"error: The sandbox is not in sync with the Podfile.lock. Run 'pod install' or update your CocoaPods installation.\" >&2\n    exit 1\nfi\n";
			showEnvVarsInLog = 0;
		};
		92818957019254BDCE304A30 /* [CP] Embed Pods Frameworks */ = {
			isa = PBXShellScriptBuildPhase;
			buildActionMask = 2147483647;
			files = (
			);
			inputPaths = (
			);
			name = "[CP] Embed Pods Frameworks";
			outputPaths = (
			);
			runOnlyForDeploymentPostprocessing = 0;
			shellPath = /bin/sh;
			shellScript = "\"${SRCROOT}/Pods/Target Support Files/Pods-PPJQR/Pods-PPJQR-frameworks.sh\"\n";
			showEnvVarsInLog = 0;
		};
/* End PBXShellScriptBuildPhase section */

/* Begin PBXSourcesBuildPhase section */
		DEEFFA601E8D55F8001F5D3D /* Sources */ = {
			isa = PBXSourcesBuildPhase;
			buildActionMask = 2147483647;
			files = (
				DEEFFA6F1E8D55F8001F5D3D /* LoginViewController.m in Sources */,
				DEEFFA821E8D57EB001F5D3D /* BaseViewController.m in Sources */,
				DEEFFA6C1E8D55F8001F5D3D /* AppDelegate.m in Sources */,
				DEEFFA691E8D55F8001F5D3D /* main.m in Sources */,
				DEEFFA851E8D5805001F5D3D /* BaseNaviViewController.m in Sources */,
				DE22383A1E9136CE004194F8 /* HomeLeftCell.m in Sources */,
				DEF6C20F1E97C3A90063D21B /* IATConfig.m in Sources */,
				DE22382D1E913397004194F8 /* HomeLeftView.m in Sources */,
				DE2238291E9131F8004194F8 /* HomeViewController.m in Sources */,
				DE2238331E9135AC004194F8 /* HomeHeatView.m in Sources */,
			);
			runOnlyForDeploymentPostprocessing = 0;
		};
/* End PBXSourcesBuildPhase section */

/* Begin PBXVariantGroup section */
		DEEFFA701E8D55F8001F5D3D /* Main.storyboard */ = {
			isa = PBXVariantGroup;
			children = (
				DEEFFA711E8D55F8001F5D3D /* Base */,
			);
			name = Main.storyboard;
			sourceTree = "<group>";
		};
		DEEFFA751E8D55F8001F5D3D /* LaunchScreen.storyboard */ = {
			isa = PBXVariantGroup;
			children = (
				DEEFFA761E8D55F8001F5D3D /* Base */,
			);
			name = LaunchScreen.storyboard;
			sourceTree = "<group>";
		};
/* End PBXVariantGroup section */

/* Begin XCBuildConfiguration section */
		DEEFFA791E8D55F8001F5D3D /* Debug */ = {
			isa = XCBuildConfiguration;
			buildSettings = {
				ALWAYS_SEARCH_USER_PATHS = NO;
				CLANG_ANALYZER_NONNULL = YES;
				CLANG_CXX_LANGUAGE_STANDARD = "gnu++0x";
				CLANG_CXX_LIBRARY = "libc++";
				CLANG_ENABLE_MODULES = YES;
				CLANG_ENABLE_OBJC_ARC = YES;
				CLANG_WARN_BOOL_CONVERSION = YES;
				CLANG_WARN_CONSTANT_CONVERSION = YES;
				CLANG_WARN_DIRECT_OBJC_ISA_USAGE = YES_ERROR;
				CLANG_WARN_DOCUMENTATION_COMMENTS = YES;
				CLANG_WARN_EMPTY_BODY = YES;
				CLANG_WARN_ENUM_CONVERSION = YES;
				CLANG_WARN_INFINITE_RECURSION = YES;
				CLANG_WARN_INT_CONVERSION = YES;
				CLANG_WARN_OBJC_ROOT_CLASS = YES_ERROR;
				CLANG_WARN_SUSPICIOUS_MOVE = YES;
				CLANG_WARN_UNREACHABLE_CODE = YES;
				CLANG_WARN__DUPLICATE_METHOD_MATCH = YES;
				"CODE_SIGN_IDENTITY[sdk=iphoneos*]" = "iPhone Developer";
				COPY_PHASE_STRIP = NO;
				DEBUG_INFORMATION_FORMAT = dwarf;
				ENABLE_STRICT_OBJC_MSGSEND = YES;
				ENABLE_TESTABILITY = YES;
				GCC_C_LANGUAGE_STANDARD = gnu99;
				GCC_DYNAMIC_NO_PIC = NO;
				GCC_NO_COMMON_BLOCKS = YES;
				GCC_OPTIMIZATION_LEVEL = 0;
				GCC_PREPROCESSOR_DEFINITIONS = (
					"DEBUG=1",
					"$(inherited)",
				);
				GCC_WARN_64_TO_32_BIT_CONVERSION = YES;
				GCC_WARN_ABOUT_RETURN_TYPE = YES_ERROR;
				GCC_WARN_UNDECLARED_SELECTOR = YES;
				GCC_WARN_UNINITIALIZED_AUTOS = YES_AGGRESSIVE;
				GCC_WARN_UNUSED_FUNCTION = YES;
				GCC_WARN_UNUSED_VARIABLE = YES;
				IPHONEOS_DEPLOYMENT_TARGET = 10.2;
				MTL_ENABLE_DEBUG_INFO = YES;
				ONLY_ACTIVE_ARCH = YES;
				SDKROOT = iphoneos;
				TARGETED_DEVICE_FAMILY = "1,2";
			};
			name = Debug;
		};
		DEEFFA7A1E8D55F8001F5D3D /* Release */ = {
			isa = XCBuildConfiguration;
			buildSettings = {
				ALWAYS_SEARCH_USER_PATHS = NO;
				CLANG_ANALYZER_NONNULL = YES;
				CLANG_CXX_LANGUAGE_STANDARD = "gnu++0x";
				CLANG_CXX_LIBRARY = "libc++";
				CLANG_ENABLE_MODULES = YES;
				CLANG_ENABLE_OBJC_ARC = YES;
				CLANG_WARN_BOOL_CONVERSION = YES;
				CLANG_WARN_CONSTANT_CONVERSION = YES;
				CLANG_WARN_DIRECT_OBJC_ISA_USAGE = YES_ERROR;
				CLANG_WARN_DOCUMENTATION_COMMENTS = YES;
				CLANG_WARN_EMPTY_BODY = YES;
				CLANG_WARN_ENUM_CONVERSION = YES;
				CLANG_WARN_INFINITE_RECURSION = YES;
				CLANG_WARN_INT_CONVERSION = YES;
				CLANG_WARN_OBJC_ROOT_CLASS = YES_ERROR;
				CLANG_WARN_SUSPICIOUS_MOVE = YES;
				CLANG_WARN_UNREACHABLE_CODE = YES;
				CLANG_WARN__DUPLICATE_METHOD_MATCH = YES;
				"CODE_SIGN_IDENTITY[sdk=iphoneos*]" = "iPhone Developer";
				COPY_PHASE_STRIP = NO;
				DEBUG_INFORMATION_FORMAT = "dwarf-with-dsym";
				ENABLE_NS_ASSERTIONS = NO;
				ENABLE_STRICT_OBJC_MSGSEND = YES;
				GCC_C_LANGUAGE_STANDARD = gnu99;
				GCC_NO_COMMON_BLOCKS = YES;
				GCC_WARN_64_TO_32_BIT_CONVERSION = YES;
				GCC_WARN_ABOUT_RETURN_TYPE = YES_ERROR;
				GCC_WARN_UNDECLARED_SELECTOR = YES;
				GCC_WARN_UNINITIALIZED_AUTOS = YES_AGGRESSIVE;
				GCC_WARN_UNUSED_FUNCTION = YES;
				GCC_WARN_UNUSED_VARIABLE = YES;
				IPHONEOS_DEPLOYMENT_TARGET = 10.2;
				MTL_ENABLE_DEBUG_INFO = NO;
				SDKROOT = iphoneos;
				TARGETED_DEVICE_FAMILY = "1,2";
				VALIDATE_PRODUCT = YES;
			};
			name = Release;
		};
		DEEFFA7C1E8D55F8001F5D3D /* Debug */ = {
			isa = XCBuildConfiguration;
			baseConfigurationReference = 89837CB44028497EC395DC18 /* Pods-PPJQR.debug.xcconfig */;
			buildSettings = {
				ASSETCATALOG_COMPILER_APPICON_NAME = AppIcon;
				DEVELOPMENT_TEAM = S69V8T638E;
				ENABLE_BITCODE = NO;
				FRAMEWORK_SEARCH_PATHS = (
					"$(inherited)",
					"$(PROJECT_DIR)",
					"\"$(SRCROOT)/iflyMSC.framework\"",
				);
				INFOPLIST_FILE = PPJQR/Info.plist;
				IPHONEOS_DEPLOYMENT_TARGET = 8.0;
				LD_RUNPATH_SEARCH_PATHS = "$(inherited) @executable_path/Frameworks";
				PRODUCT_BUNDLE_IDENTIFIER = com.iflytek.MSCDemo;
				PRODUCT_NAME = "$(TARGET_NAME)";
			};
			name = Debug;
		};
		DEEFFA7D1E8D55F8001F5D3D /* Release */ = {
			isa = XCBuildConfiguration;
			baseConfigurationReference = 4D2115B64C0613FDC4C1A439 /* Pods-PPJQR.release.xcconfig */;
			buildSettings = {
				ASSETCATALOG_COMPILER_APPICON_NAME = AppIcon;
				DEVELOPMENT_TEAM = S69V8T638E;
				ENABLE_BITCODE = NO;
				FRAMEWORK_SEARCH_PATHS = (
					"$(inherited)",
					"$(PROJECT_DIR)",
					"\"$(SRCROOT)/iflyMSC.framework\"",
				);
				INFOPLIST_FILE = PPJQR/Info.plist;
				IPHONEOS_DEPLOYMENT_TARGET = 8.0;
				LD_RUNPATH_SEARCH_PATHS = "$(inherited) @executable_path/Frameworks";
				PRODUCT_BUNDLE_IDENTIFIER = com.iflytek.MSCDemo;
				PRODUCT_NAME = "$(TARGET_NAME)";
			};
			name = Release;
		};
/* End XCBuildConfiguration section */

/* Begin XCConfigurationList section */
		DEEFFA5F1E8D55F8001F5D3D /* Build configuration list for PBXProject "PPJQR" */ = {
			isa = XCConfigurationList;
			buildConfigurations = (
				DEEFFA791E8D55F8001F5D3D /* Debug */,
				DEEFFA7A1E8D55F8001F5D3D /* Release */,
			);
			defaultConfigurationIsVisible = 0;
			defaultConfigurationName = Release;
		};
		DEEFFA7B1E8D55F8001F5D3D /* Build configuration list for PBXNativeTarget "PPJQR" */ = {
			isa = XCConfigurationList;
			buildConfigurations = (
				DEEFFA7C1E8D55F8001F5D3D /* Debug */,
				DEEFFA7D1E8D55F8001F5D3D /* Release */,
			);
			defaultConfigurationIsVisible = 0;
			defaultConfigurationName = Release;
		};
/* End XCConfigurationList section */
	};
	rootObject = DEEFFA5C1E8D55F8001F5D3D /* Project object */;
}
